<Solution>
  <Folder Name="/src/" />
  <Folder Name="/src/Analyzers/">
    <Project Path="src/Analyzers/IIoT.Edge.Architecture.Analyzers/IIoT.Edge.Architecture.Analyzers.csproj" />
  </Folder>
  <Folder Name="/src/Application/">
    <Project Path="src/Application/IIoT.Edge.Application/IIoT.Edge.Application.csproj" />
  </Folder>
  <Folder Name="/src/Core/">
    <Project Path="src/Core/IIoT.Edge.Domain/IIoT.Edge.Domain.csproj" Id="bf1c5c1a-aed5-4685-bbce-2db4d59f6282" />
  </Folder>
  <Folder Name="/src/Edge/">
    <Project Path="src/Edge/IIoT.Edge.Host.Bootstrap/IIoT.Edge.Host.Bootstrap.csproj" />
    <Project Path="src/Edge/IIoT.Edge.Installer/IIoT.Edge.Installer.csproj" />
    <Project Path="src/Edge/IIoT.Edge.Launcher/IIoT.Edge.Launcher.csproj" />
    <Project Path="src/Edge/IIoT.Edge.Shell/IIoT.Edge.Shell.csproj" Id="18446b65-38e5-4acb-a229-ba0f9d8a83cf" />
  </Folder>
  <Folder Name="/src/Infrastructure/">
    <Project Path="src/Infrastructure/IIoT.Edge.Infrastructure.CloudClient/IIoT.Edge.Infrastructure.CloudClient.csproj" />
    <Project Path="src/Infrastructure/IIoT.Edge.Infrastructure.Integration/IIoT.Edge.Infrastructure.Integration.csproj" Id="23525f6e-79c9-4ad1-992b-f1ad8ddfa65b" />
    <Project Path="src/Infrastructure/IIoT.Edge.Infrastructure.Persistence.Dapper/IIoT.Edge.Infrastructure.Persistence.Dapper.csproj" Id="f888b62f-8635-42cf-b2b4-fb605267ba78" />
    <Project Path="src/Infrastructure/IIoT.Edge.Infrastructure.Persistence.EfCore/IIoT.Edge.Infrastructure.Persistence.EfCore.csproj" Id="3fbdae2b-de52-43d5-ac49-4271b8819af2" />
    <Project Path="src/Infrastructure/IIoT.Edge.Infrastructure.DeviceComm/IIoT.Edge.Infrastructure.DeviceComm.csproj" Id="78ef5b00-1ea0-475d-9e2f-8318f8ea0819" />
    <Project Path="src/Infrastructure/IIoT.Edge.Infrastructure.Update/IIoT.Edge.Infrastructure.Update.csproj" />
  </Folder>
  <Folder Name="/src/Presentation/">
    <Project Path="src/Presentation/IIoT.Edge.Presentation.Shell/IIoT.Edge.Presentation.Shell.csproj" />
    <Project Path="src/Presentation/IIoT.Edge.Presentation.Navigation/IIoT.Edge.Presentation.Navigation.csproj" />
    <Project Path="src/Presentation/IIoT.Edge.Presentation.Panels/IIoT.Edge.Presentation.Panels.csproj" />
    <Project Path="src/Presentation/IIoT.Edge.Presentation.VisualTestData/IIoT.Edge.Presentation.VisualTestData.csproj" />
  </Folder>
  <Folder Name="/src/Modules/">
    <Project Path="src/Modules/IIoT.Edge.Module.Homogenization/IIoT.Edge.Module.Homogenization.csproj" />
    <Project Path="src/Modules/IIoT.Edge.Module.Sdk/IIoT.Edge.Module.Sdk.csproj" />
  </Folder>
  <Folder Name="/src/Shared/">
    <Project Path="src/Shared/IIoT.Edge.SharedKernel/IIoT.Edge.SharedKernel.csproj" />
    <Project Path="src/Shared/IIoT.Edge.UI.Shared/IIoT.Edge.UI.Shared.csproj" Id="2c8e15da-52ba-4d59-aced-196d42918475" />
  </Folder>
  <Folder Name="/src/Runtime/">
    <Project Path="src/Edge/IIoT.Edge.Host.DataPipeline/IIoT.Edge.Host.DataPipeline.csproj" />
  </Folder>
  <Folder Name="/src/Tests/">
    <Project Path="src/Tests/IIoT.Edge.Application.Tests/IIoT.Edge.Application.Tests.csproj" />
    <Project Path="src/Tests/IIoT.Edge.Architecture.AnalyzerTests/IIoT.Edge.Architecture.AnalyzerTests.csproj" />
    <Project Path="src/Tests/IIoT.Edge.Architecture.Tests/IIoT.Edge.Architecture.Tests.csproj" />
    <Project Path="src/Tests/IIoT.Edge.Caching.UnitTests/IIoT.Edge.Caching.UnitTests.csproj" />
    <Project Path="src/Tests/IIoT.Edge.Cloud.ContractTests/IIoT.Edge.Cloud.ContractTests.csproj" />
    <Project Path="src/Tests/IIoT.Edge.Cloud.ContractFilesystemTests/IIoT.Edge.Cloud.ContractFilesystemTests.csproj" />
    <Project Path="src/Tests/IIoT.Edge.Deployment.Tests/IIoT.Edge.Deployment.Tests.csproj" />
    <Project Path="src/Tests/IIoT.Edge.DeviceBootstrap.IntegrationTests/IIoT.Edge.DeviceBootstrap.IntegrationTests.csproj" />
    <Project Path="src/Tests/IIoT.Edge.Domain.Tests/IIoT.Edge.Domain.Tests.csproj" />
    <Project Path="src/Tests/IIoT.Edge.Excel.IntegrationTests/IIoT.Edge.Excel.IntegrationTests.csproj" />
    <Project Path="src/Tests/IIoT.Edge.Installer.UiTests/IIoT.Edge.Installer.UiTests.csproj" />
    <Project Path="src/Tests/IIoT.Edge.Installer.UnitTests/IIoT.Edge.Installer.UnitTests.csproj" />
    <Project Path="src/Tests/IIoT.Edge.Launcher.UiTests/IIoT.Edge.Launcher.UiTests.csproj" />
    <Project Path="src/Tests/IIoT.Edge.Launcher.FilesystemTests/IIoT.Edge.Launcher.FilesystemTests.csproj" />
    <Project Path="src/Tests/IIoT.Edge.Launcher.UnitTests/IIoT.Edge.Launcher.UnitTests.csproj" />
    <Project Path="src/Tests/IIoT.Edge.Mes.ContractTests/IIoT.Edge.Mes.ContractTests.csproj" />
    <Project Path="src/Tests/IIoT.Edge.Module.ConformanceTests/IIoT.Edge.Module.ConformanceTests.csproj" />
    <Project Path="src/Tests/IIoT.Edge.Module.Homogenization.ConformanceTests/IIoT.Edge.Module.Homogenization.ConformanceTests.csproj" />
    <Project Path="src/Tests/IIoT.Edge.Module.Homogenization.ConformanceFilesystemTests/IIoT.Edge.Module.Homogenization.ConformanceFilesystemTests.csproj" />
    <Project Path="src/Tests/IIoT.Edge.Module.Homogenization.WorkflowTests/IIoT.Edge.Module.Homogenization.WorkflowTests.csproj" />
    <Project Path="src/Tests/IIoT.Edge.Module.Homogenization.WorkflowFilesystemTests/IIoT.Edge.Module.Homogenization.WorkflowFilesystemTests.csproj" />
    <Project Path="src/Tests/IIoT.Edge.Persistence.Tests/IIoT.Edge.Persistence.Tests.csproj" />
    <Project Path="src/Tests/IIoT.Edge.Persistence.FilesystemTests/IIoT.Edge.Persistence.FilesystemTests.csproj" />
    <Project Path="src/Tests/IIoT.Edge.Platform.WindowsTests/IIoT.Edge.Platform.WindowsTests.csproj" />
    <Project Path="src/Tests/IIoT.Edge.Plc.ContractTests/IIoT.Edge.Plc.ContractTests.csproj" />
    <Project Path="src/Tests/IIoT.Edge.Plc.ContractNetworkTests/IIoT.Edge.Plc.ContractNetworkTests.csproj" />
    <Project Path="src/Tests/IIoT.Edge.Runtime.WorkflowTests/IIoT.Edge.Runtime.WorkflowTests.csproj" />
    <Project Path="src/Tests/IIoT.Edge.Shell.UiTests/IIoT.Edge.Shell.UiTests.csproj" />
    <Project Path="src/Tests/IIoT.Edge.Shell.FilesystemTests/IIoT.Edge.Shell.FilesystemTests.csproj" />
    <Project Path="src/Tests/IIoT.Edge.Startup.IntegrationTests/IIoT.Edge.Startup.IntegrationTests.csproj" />
    <Project Path="src/Tests/IIoT.Edge.UI.Shared.Tests/IIoT.Edge.UI.Shared.Tests.csproj" />
    <Project Path="src/Tests/IIoT.Edge.Update.ContractTests/IIoT.Edge.Update.ContractTests.csproj" />
  </Folder>
  <Folder Name="/src/Testing/">
    <Project Path="src/Testing/IIoT.Edge.TestPlugin/IIoT.Edge.TestPlugin.csproj" />
    <Project Path="src/Testing/IIoT.Edge.Testing.Core/IIoT.Edge.Testing.Core.csproj" />
    <Project Path="src/Testing/IIoT.Edge.Testing.Homogenization/IIoT.Edge.Testing.Homogenization.csproj" />
    <Project Path="src/Testing/IIoT.Edge.Testing.Modules/IIoT.Edge.Testing.Modules.csproj" />
    <Project Path="src/Testing/IIoT.Edge.Testing.Protocols/IIoT.Edge.Testing.Protocols.csproj" />
    <Project Path="src/Testing/IIoT.Edge.Module.TestPlugin.Companion/IIoT.Edge.Module.TestPlugin.Companion.csproj" />
  </Folder>
  <Folder Name="/src/Tools/">
    <Project Path="src/Tools/IIoT.Edge.RuntimeLayoutSync/IIoT.Edge.RuntimeLayoutSync.csproj" />
  </Folder>
</Solution>
